# This file is autogenerated, do not edit; changes may be undone by the next 'dep ensure'.


[[projects]]
  name = "github.com/artyom/autoflags"
  packages = ["."]
  revision = "250b3e94f14844d446437ad18b81f34f1ba5e5cf"
  version = "v1.1.0"

[[projects]]
  branch = "master"
  name = "github.com/bamiaux/rez"
  packages = ["."]
  revision = "29f4463c688b986c11f166b12734f69b58b5555f"

[[projects]]
  name = "github.com/disintegration/gift"
  packages = ["."]
  revision = "7230b78288726ee18f3b4d38b52201510cd92d50"
  version = "v1.0.0"

[[projects]]
  branch = "go1"
  name = "github.com/rwcarlsen/goexif"
  packages = ["exif","tiff"]
  revision = "709fab3d192d7c62f86043caff1e7e3fb0f42bd8"

[[projects]]
  branch = "master"
  name = "github.com/soniakeys/quant"
  packages = [".","internal","mean"]
  revision = "fcd131fb73007fd2babb13de66e04e7849567a16"

[[projects]]
  branch = "master"
  name = "golang.org/x/image"
  packages = ["bmp","draw","math/f64","tiff","tiff/lzw"]
  revision = "426cfd8eeb6e08ab1932954e09e3c2cb2bc6e36d"

[solve-meta]
  analyzer-name = "dep"
  analyzer-version = 1
  inputs-digest = "86fd9c9c5106d9f49c02d05be6a2a5e2bfbb884fac2eecac2719f91f87bb6ae9"
  solver-name = "gps-cdcl"
  solver-version = 1
