# This file is autogenerated, do not edit; changes may be undone by the next 'dep ensure'.


[[projects]]
  name = "github.com/artyom/autoflags"
  packages = ["."]
  revision = "250b3e94f14844d446437ad18b81f34f1ba5e5cf"
  version = "v1.1.0"

[[projects]]
  branch = "master"
  name = "github.com/bamiaux/rez"
  packages = ["."]
  revision = "29f4463c688b986c11f166b12734f69b58b5555f"

[[projects]]
  name = "github.com/disintegration/gift"
  packages = ["."]
  revision = "7230b78288726ee18f3b4d38b52201510cd92d50"
  version = "v1.0.0"

[[projects]]
  branch = "go1"
  name = "github.com/rwcarlsen/goexif"
  packages = ["exif","tiff"]
  revision = "709fab3d192d7c62f86043caff1e7e3fb0f42bd8"

[[projects]]
  name = "github.com/soniakeys/quant"
  packages = [".","mean"]
  revision = "f70d7704be6abeebac2770a2a166b2def14cbf38"
  version = "v0.2"

[[projects]]
  branch = "master"
  name = "golang.org/x/image"
  packages = ["bmp","draw","math/f64","tiff","tiff/lzw"]
  revision = "426cfd8eeb6e08ab1932954e09e3c2cb2bc6e36d"

[solve-meta]
  analyzer-name = "dep"
  analyzer-version = 1
  inputs-digest = "9de6e08bbe387e63de7d17d70c74ed8a758204e86fc1dd6ce0588727484c8c10"
  solver-name = "gps-cdcl"
  solver-version = 1
